
Microsoft Visual Studio Solution File, Format Version 12.00
# Visual Studio 2013
VisualStudioVersion = 12.0.21005.1
MinimumVisualStudioVersion = 10.0.40219.1
Project("{FAE04EC0-301F-11D3-BF4B-00C04F79EFBC}") = "UniPuan.Desktop", "UniPuan.Desktop\UniPuan.Desktop.csproj", "{0C2EAEED-D0EE-4167-9BC1-1D516EB9F615}"
EndProject
Project("{FAE04EC0-301F-11D3-BF4B-00C04F79EFBC}") = "UniPuan", "UniPuan\UniPuan.csproj", "{22CF772A-6168-43F1-B193-61294FBCEAC9}"
EndProject
Project("{FAE04EC0-301F-11D3-BF4B-00C04F79EFBC}") = "UniPuan.FemClient", "UniPuan.FemClient\UniPuan.FemClient.csproj", "{FA89B629-EE3C-4263-AD46-51DE2ABFCBE2}"
EndProject
Project("{2150E333-8FDC-42A3-9474-1A3956D46DE8}") = ".nuget", ".nuget", "{328BF7AF-6DEC-45FE-92B6-BBD0FAA28C99}"
	ProjectSection(SolutionItems) = preProject
		.nuget\NuGet.Config = .nuget\NuGet.Config
		.nuget\NuGet.exe = .nuget\NuGet.exe
		.nuget\NuGet.targets = .nuget\NuGet.targets
	EndProjectSection
EndProject
Project("{FAE04EC0-301F-11D3-BF4B-00C04F79EFBC}") = "UniPuan.Web", "UniPuan.Web\UniPuan.Web.csproj", "{2A69D57C-5D0F-4841-BCD0-E448DEF50545}"
EndProject
Global
	GlobalSection(SolutionConfigurationPlatforms) = preSolution
		Debug|Any CPU = Debug|Any CPU
		Debug|ARM = Debug|ARM
		Debug|x64 = Debug|x64
		Debug|x86 = Debug|x86
		Release|Any CPU = Release|Any CPU
		Release|ARM = Release|ARM
		Release|x64 = Release|x64
		Release|x86 = Release|x86
	EndGlobalSection
	GlobalSection(ProjectConfigurationPlatforms) = postSolution
		{0C2EAEED-D0EE-4167-9BC1-1D516EB9F615}.Debug|Any CPU.ActiveCfg = Debug|Any CPU
		{0C2EAEED-D0EE-4167-9BC1-1D516EB9F615}.Debug|Any CPU.Build.0 = Debug|Any CPU
		{0C2EAEED-D0EE-4167-9BC1-1D516EB9F615}.Debug|ARM.ActiveCfg = Debug|Any CPU
		{0C2EAEED-D0EE-4167-9BC1-1D516EB9F615}.Debug|x64.ActiveCfg = Debug|Any CPU
		{0C2EAEED-D0EE-4167-9BC1-1D516EB9F615}.Debug|x86.ActiveCfg = Debug|Any CPU
		{0C2EAEED-D0EE-4167-9BC1-1D516EB9F615}.Release|Any CPU.ActiveCfg = Release|Any CPU
		{0C2EAEED-D0EE-4167-9BC1-1D516EB9F615}.Release|Any CPU.Build.0 = Release|Any CPU
		{0C2EAEED-D0EE-4167-9BC1-1D516EB9F615}.Release|ARM.ActiveCfg = Release|Any CPU
		{0C2EAEED-D0EE-4167-9BC1-1D516EB9F615}.Release|x64.ActiveCfg = Release|Any CPU
		{0C2EAEED-D0EE-4167-9BC1-1D516EB9F615}.Release|x86.ActiveCfg = Release|Any CPU
		{22CF772A-6168-43F1-B193-61294FBCEAC9}.Debug|Any CPU.ActiveCfg = Debug|Any CPU
		{22CF772A-6168-43F1-B193-61294FBCEAC9}.Debug|Any CPU.Build.0 = Debug|Any CPU
		{22CF772A-6168-43F1-B193-61294FBCEAC9}.Debug|ARM.ActiveCfg = Debug|Any CPU
		{22CF772A-6168-43F1-B193-61294FBCEAC9}.Debug|x64.ActiveCfg = Debug|Any CPU
		{22CF772A-6168-43F1-B193-61294FBCEAC9}.Debug|x86.ActiveCfg = Debug|Any CPU
		{22CF772A-6168-43F1-B193-61294FBCEAC9}.Release|Any CPU.ActiveCfg = Release|Any CPU
		{22CF772A-6168-43F1-B193-61294FBCEAC9}.Release|Any CPU.Build.0 = Release|Any CPU
		{22CF772A-6168-43F1-B193-61294FBCEAC9}.Release|ARM.ActiveCfg = Release|Any CPU
		{22CF772A-6168-43F1-B193-61294FBCEAC9}.Release|x64.ActiveCfg = Release|Any CPU
		{22CF772A-6168-43F1-B193-61294FBCEAC9}.Release|x86.ActiveCfg = Release|Any CPU
		{FA89B629-EE3C-4263-AD46-51DE2ABFCBE2}.Debug|Any CPU.ActiveCfg = Debug|Any CPU
		{FA89B629-EE3C-4263-AD46-51DE2ABFCBE2}.Debug|Any CPU.Build.0 = Debug|Any CPU
		{FA89B629-EE3C-4263-AD46-51DE2ABFCBE2}.Debug|ARM.ActiveCfg = Debug|Any CPU
		{FA89B629-EE3C-4263-AD46-51DE2ABFCBE2}.Debug|x64.ActiveCfg = Debug|Any CPU
		{FA89B629-EE3C-4263-AD46-51DE2ABFCBE2}.Debug|x86.ActiveCfg = Debug|Any CPU
		{FA89B629-EE3C-4263-AD46-51DE2ABFCBE2}.Release|Any CPU.ActiveCfg = Release|Any CPU
		{FA89B629-EE3C-4263-AD46-51DE2ABFCBE2}.Release|Any CPU.Build.0 = Release|Any CPU
		{FA89B629-EE3C-4263-AD46-51DE2ABFCBE2}.Release|ARM.ActiveCfg = Release|Any CPU
		{FA89B629-EE3C-4263-AD46-51DE2ABFCBE2}.Release|x64.ActiveCfg = Release|Any CPU
		{FA89B629-EE3C-4263-AD46-51DE2ABFCBE2}.Release|x86.ActiveCfg = Release|Any CPU
		{2A69D57C-5D0F-4841-BCD0-E448DEF50545}.Debug|Any CPU.ActiveCfg = Debug|Any CPU
		{2A69D57C-5D0F-4841-BCD0-E448DEF50545}.Debug|Any CPU.Build.0 = Debug|Any CPU
		{2A69D57C-5D0F-4841-BCD0-E448DEF50545}.Debug|ARM.ActiveCfg = Debug|Any CPU
		{2A69D57C-5D0F-4841-BCD0-E448DEF50545}.Debug|x64.ActiveCfg = Debug|Any CPU
		{2A69D57C-5D0F-4841-BCD0-E448DEF50545}.Debug|x86.ActiveCfg = Debug|Any CPU
		{2A69D57C-5D0F-4841-BCD0-E448DEF50545}.Release|Any CPU.ActiveCfg = Release|Any CPU
		{2A69D57C-5D0F-4841-BCD0-E448DEF50545}.Release|Any CPU.Build.0 = Release|Any CPU
		{2A69D57C-5D0F-4841-BCD0-E448DEF50545}.Release|ARM.ActiveCfg = Release|Any CPU
		{2A69D57C-5D0F-4841-BCD0-E448DEF50545}.Release|x64.ActiveCfg = Release|Any CPU
		{2A69D57C-5D0F-4841-BCD0-E448DEF50545}.Release|x86.ActiveCfg = Release|Any CPU
	EndGlobalSection
	GlobalSection(SolutionProperties) = preSolution
		HideSolutionNode = FALSE
	EndGlobalSection
EndGlobal
